
Microsoft Visual Studio Solution File, Format Version 12.00
# Visual Studio Version 16
VisualStudioVersion = 16.0.29519.181
MinimumVisualStudioVersion = 10.0.40219.1
Project("{9A19103F-16F7-4668-BE54-9A1E7A4F7556}") = "DeliveryCORE", "DeliveryCORE\DeliveryCORE.csproj", "{361094FA-555C-4221-8CBF-F2F3DB9CA0A9}"
EndProject
Project("{9A19103F-16F7-4668-BE54-9A1E7A4F7556}") = "DAO", "DAO\DAO.csproj", "{35C8A9F5-B16D-4B23-B050-B748A60C9B45}"
EndProject
Project("{9A19103F-16F7-4668-BE54-9A1E7A4F7556}") = "DTO", "DTO\DTO.csproj", "{57BFE2AB-0E5C-4FC9-98E5-EE64DEC770FF}"
EndProject
Project("{9A19103F-16F7-4668-BE54-9A1E7A4F7556}") = "BLL", "BLL\BLL.csproj", "{1F768744-89D1-491B-91A2-D8C1694D16FE}"
EndProject
Project("{2150E333-8FDC-42A3-9474-1A3956D46DE8}") = "1 . Web", "1 . Web", "{DBB15788-E223-434A-AE88-5A16C77CDBF6}"
EndProject
Project("{2150E333-8FDC-42A3-9474-1A3956D46DE8}") = "4. Infra", "4. Infra", "{8AF4B89C-103C-430B-961F-3669ECB7CD78}"
EndProject
Project("{2150E333-8FDC-42A3-9474-1A3956D46DE8}") = "3. Domain", "3. Domain", "{105ED77D-DB24-45FA-A5D6-18A40E8E5DDC}"
EndProject
Project("{2150E333-8FDC-42A3-9474-1A3956D46DE8}") = "2. Application", "2. Application", "{B4243520-ADCD-4BED-8741-B3FC2014857D}"
EndProject
Global
	GlobalSection(SolutionConfigurationPlatforms) = preSolution
		Debug|Any CPU = Debug|Any CPU
		Release|Any CPU = Release|Any CPU
	EndGlobalSection
	GlobalSection(ProjectConfigurationPlatforms) = postSolution
		{361094FA-555C-4221-8CBF-F2F3DB9CA0A9}.Debug|Any CPU.ActiveCfg = Debug|Any CPU
		{361094FA-555C-4221-8CBF-F2F3DB9CA0A9}.Debug|Any CPU.Build.0 = Debug|Any CPU
		{361094FA-555C-4221-8CBF-F2F3DB9CA0A9}.Release|Any CPU.ActiveCfg = Release|Any CPU
		{361094FA-555C-4221-8CBF-F2F3DB9CA0A9}.Release|Any CPU.Build.0 = Release|Any CPU
		{35C8A9F5-B16D-4B23-B050-B748A60C9B45}.Debug|Any CPU.ActiveCfg = Debug|Any CPU
		{35C8A9F5-B16D-4B23-B050-B748A60C9B45}.Debug|Any CPU.Build.0 = Debug|Any CPU
		{35C8A9F5-B16D-4B23-B050-B748A60C9B45}.Release|Any CPU.ActiveCfg = Release|Any CPU
		{35C8A9F5-B16D-4B23-B050-B748A60C9B45}.Release|Any CPU.Build.0 = Release|Any CPU
		{57BFE2AB-0E5C-4FC9-98E5-EE64DEC770FF}.Debug|Any CPU.ActiveCfg = Debug|Any CPU
		{57BFE2AB-0E5C-4FC9-98E5-EE64DEC770FF}.Debug|Any CPU.Build.0 = Debug|Any CPU
		{57BFE2AB-0E5C-4FC9-98E5-EE64DEC770FF}.Release|Any CPU.ActiveCfg = Release|Any CPU
		{57BFE2AB-0E5C-4FC9-98E5-EE64DEC770FF}.Release|Any CPU.Build.0 = Release|Any CPU
		{1F768744-89D1-491B-91A2-D8C1694D16FE}.Debug|Any CPU.ActiveCfg = Debug|Any CPU
		{1F768744-89D1-491B-91A2-D8C1694D16FE}.Debug|Any CPU.Build.0 = Debug|Any CPU
		{1F768744-89D1-491B-91A2-D8C1694D16FE}.Release|Any CPU.ActiveCfg = Release|Any CPU
		{1F768744-89D1-491B-91A2-D8C1694D16FE}.Release|Any CPU.Build.0 = Release|Any CPU
	EndGlobalSection
	GlobalSection(SolutionProperties) = preSolution
		HideSolutionNode = FALSE
	EndGlobalSection
	GlobalSection(NestedProjects) = preSolution
		{361094FA-555C-4221-8CBF-F2F3DB9CA0A9} = {DBB15788-E223-434A-AE88-5A16C77CDBF6}
		{35C8A9F5-B16D-4B23-B050-B748A60C9B45} = {8AF4B89C-103C-430B-961F-3669ECB7CD78}
		{57BFE2AB-0E5C-4FC9-98E5-EE64DEC770FF} = {105ED77D-DB24-45FA-A5D6-18A40E8E5DDC}
		{1F768744-89D1-491B-91A2-D8C1694D16FE} = {B4243520-ADCD-4BED-8741-B3FC2014857D}
	EndGlobalSection
	GlobalSection(ExtensibilityGlobals) = postSolution
		SolutionGuid = {3F6687E0-D122-4AA8-84CF-2A5FE0E42BB5}
	EndGlobalSection
EndGlobal
